
Microsoft Visual Studio Solution File, Format Version 12.00
# Visual Studio Express 2012 for Windows Desktop
Project("{FAE04EC0-301F-11D3-BF4B-00C04F79EFBC}") = "Repositories", "RepositoryPatternSample\Repositories.csproj", "{1F263C13-6D52-4F2C-AFCD-A3ADDF537B15}"
EndProject
Project("{FAE04EC0-301F-11D3-BF4B-00C04F79EFBC}") = "Repositories.Tests", "RepositoryPatternSample.Tests\Repositories.Tests.csproj", "{A839EC81-F58C-4879-9DA1-B4D22267235F}"
EndProject
Project("{FAE04EC0-301F-11D3-BF4B-00C04F79EFBC}") = "Model", "RelationshipsSample\Model.csproj", "{E3428A17-5A65-4CCE-B7F2-E60C5E320721}"
EndProject
Project("{FAE04EC0-301F-11D3-BF4B-00C04F79EFBC}") = "ModelFirst", "ModelFirst\ModelFirst.csproj", "{5619E272-E78B-463F-AA32-1D852385669E}"
EndProject
Project("{FAE04EC0-301F-11D3-BF4B-00C04F79EFBC}") = "Tracking.Tests", "Tracking.Tests\Tracking.Tests.csproj", "{82B8D29C-6D09-44A9-A97B-5678CA46382F}"
EndProject
Project("{FAE04EC0-301F-11D3-BF4B-00C04F79EFBC}") = "Tracing.Tests", "Tracing.Tests\Tracing.Tests.csproj", "{429015A9-879A-42AA-83B4-BE24ACD7F9E2}"
EndProject
Project("{FAE04EC0-301F-11D3-BF4B-00C04F79EFBC}") = "OrphansTests", "OrphansTests\OrphansTests.csproj", "{90C06172-8785-429B-9BCD-5A00A5DD94A3}"
EndProject
Project("{FAE04EC0-301F-11D3-BF4B-00C04F79EFBC}") = "StubEntities.Tests", "StubEntities.Tests\StubEntities.Tests.csproj", "{3DC78899-A523-4C16-B486-78EFE6ACDAE5}"
EndProject
Project("{FAE04EC0-301F-11D3-BF4B-00C04F79EFBC}") = "RelationsUpdate.Tests", "RelationsUpdate.Tests\RelationsUpdate.Tests.csproj", "{E93CF039-6BF9-43C9-AADD-1C678248B290}"
EndProject
Global
	GlobalSection(SolutionConfigurationPlatforms) = preSolution
		Debug|Any CPU = Debug|Any CPU
		Debug|x86 = Debug|x86
		Release|Any CPU = Release|Any CPU
		Release|x86 = Release|x86
	EndGlobalSection
	GlobalSection(ProjectConfigurationPlatforms) = postSolution
		{1F263C13-6D52-4F2C-AFCD-A3ADDF537B15}.Debug|Any CPU.ActiveCfg = Debug|Any CPU
		{1F263C13-6D52-4F2C-AFCD-A3ADDF537B15}.Debug|Any CPU.Build.0 = Debug|Any CPU
		{1F263C13-6D52-4F2C-AFCD-A3ADDF537B15}.Debug|x86.ActiveCfg = Debug|x86
		{1F263C13-6D52-4F2C-AFCD-A3ADDF537B15}.Debug|x86.Build.0 = Debug|x86
		{1F263C13-6D52-4F2C-AFCD-A3ADDF537B15}.Release|Any CPU.ActiveCfg = Release|Any CPU
		{1F263C13-6D52-4F2C-AFCD-A3ADDF537B15}.Release|Any CPU.Build.0 = Release|Any CPU
		{1F263C13-6D52-4F2C-AFCD-A3ADDF537B15}.Release|x86.ActiveCfg = Release|x86
		{1F263C13-6D52-4F2C-AFCD-A3ADDF537B15}.Release|x86.Build.0 = Release|x86
		{A839EC81-F58C-4879-9DA1-B4D22267235F}.Debug|Any CPU.ActiveCfg = Debug|Any CPU
		{A839EC81-F58C-4879-9DA1-B4D22267235F}.Debug|Any CPU.Build.0 = Debug|Any CPU
		{A839EC81-F58C-4879-9DA1-B4D22267235F}.Debug|x86.ActiveCfg = Debug|x86
		{A839EC81-F58C-4879-9DA1-B4D22267235F}.Debug|x86.Build.0 = Debug|x86
		{A839EC81-F58C-4879-9DA1-B4D22267235F}.Release|Any CPU.ActiveCfg = Release|Any CPU
		{A839EC81-F58C-4879-9DA1-B4D22267235F}.Release|Any CPU.Build.0 = Release|Any CPU
		{A839EC81-F58C-4879-9DA1-B4D22267235F}.Release|x86.ActiveCfg = Release|x86
		{A839EC81-F58C-4879-9DA1-B4D22267235F}.Release|x86.Build.0 = Release|x86
		{E3428A17-5A65-4CCE-B7F2-E60C5E320721}.Debug|Any CPU.ActiveCfg = Debug|Any CPU
		{E3428A17-5A65-4CCE-B7F2-E60C5E320721}.Debug|Any CPU.Build.0 = Debug|Any CPU
		{E3428A17-5A65-4CCE-B7F2-E60C5E320721}.Debug|x86.ActiveCfg = Debug|Any CPU
		{E3428A17-5A65-4CCE-B7F2-E60C5E320721}.Release|Any CPU.ActiveCfg = Release|Any CPU
		{E3428A17-5A65-4CCE-B7F2-E60C5E320721}.Release|Any CPU.Build.0 = Release|Any CPU
		{E3428A17-5A65-4CCE-B7F2-E60C5E320721}.Release|x86.ActiveCfg = Release|Any CPU
		{5619E272-E78B-463F-AA32-1D852385669E}.Debug|Any CPU.ActiveCfg = Debug|Any CPU
		{5619E272-E78B-463F-AA32-1D852385669E}.Debug|Any CPU.Build.0 = Debug|Any CPU
		{5619E272-E78B-463F-AA32-1D852385669E}.Debug|x86.ActiveCfg = Debug|Any CPU
		{5619E272-E78B-463F-AA32-1D852385669E}.Release|Any CPU.ActiveCfg = Release|Any CPU
		{5619E272-E78B-463F-AA32-1D852385669E}.Release|Any CPU.Build.0 = Release|Any CPU
		{5619E272-E78B-463F-AA32-1D852385669E}.Release|x86.ActiveCfg = Release|Any CPU
		{82B8D29C-6D09-44A9-A97B-5678CA46382F}.Debug|Any CPU.ActiveCfg = Debug|Any CPU
		{82B8D29C-6D09-44A9-A97B-5678CA46382F}.Debug|Any CPU.Build.0 = Debug|Any CPU
		{82B8D29C-6D09-44A9-A97B-5678CA46382F}.Debug|x86.ActiveCfg = Debug|Any CPU
		{82B8D29C-6D09-44A9-A97B-5678CA46382F}.Release|Any CPU.ActiveCfg = Release|Any CPU
		{82B8D29C-6D09-44A9-A97B-5678CA46382F}.Release|Any CPU.Build.0 = Release|Any CPU
		{82B8D29C-6D09-44A9-A97B-5678CA46382F}.Release|x86.ActiveCfg = Release|Any CPU
		{429015A9-879A-42AA-83B4-BE24ACD7F9E2}.Debug|Any CPU.ActiveCfg = Debug|Any CPU
		{429015A9-879A-42AA-83B4-BE24ACD7F9E2}.Debug|Any CPU.Build.0 = Debug|Any CPU
		{429015A9-879A-42AA-83B4-BE24ACD7F9E2}.Debug|x86.ActiveCfg = Debug|Any CPU
		{429015A9-879A-42AA-83B4-BE24ACD7F9E2}.Release|Any CPU.ActiveCfg = Release|Any CPU
		{429015A9-879A-42AA-83B4-BE24ACD7F9E2}.Release|Any CPU.Build.0 = Release|Any CPU
		{429015A9-879A-42AA-83B4-BE24ACD7F9E2}.Release|x86.ActiveCfg = Release|Any CPU
		{90C06172-8785-429B-9BCD-5A00A5DD94A3}.Debug|Any CPU.ActiveCfg = Debug|Any CPU
		{90C06172-8785-429B-9BCD-5A00A5DD94A3}.Debug|Any CPU.Build.0 = Debug|Any CPU
		{90C06172-8785-429B-9BCD-5A00A5DD94A3}.Debug|x86.ActiveCfg = Debug|Any CPU
		{90C06172-8785-429B-9BCD-5A00A5DD94A3}.Release|Any CPU.ActiveCfg = Release|Any CPU
		{90C06172-8785-429B-9BCD-5A00A5DD94A3}.Release|Any CPU.Build.0 = Release|Any CPU
		{90C06172-8785-429B-9BCD-5A00A5DD94A3}.Release|x86.ActiveCfg = Release|Any CPU
		{3DC78899-A523-4C16-B486-78EFE6ACDAE5}.Debug|Any CPU.ActiveCfg = Debug|Any CPU
		{3DC78899-A523-4C16-B486-78EFE6ACDAE5}.Debug|Any CPU.Build.0 = Debug|Any CPU
		{3DC78899-A523-4C16-B486-78EFE6ACDAE5}.Debug|x86.ActiveCfg = Debug|Any CPU
		{3DC78899-A523-4C16-B486-78EFE6ACDAE5}.Release|Any CPU.ActiveCfg = Release|Any CPU
		{3DC78899-A523-4C16-B486-78EFE6ACDAE5}.Release|Any CPU.Build.0 = Release|Any CPU
		{3DC78899-A523-4C16-B486-78EFE6ACDAE5}.Release|x86.ActiveCfg = Release|Any CPU
		{E93CF039-6BF9-43C9-AADD-1C678248B290}.Debug|Any CPU.ActiveCfg = Debug|Any CPU
		{E93CF039-6BF9-43C9-AADD-1C678248B290}.Debug|Any CPU.Build.0 = Debug|Any CPU
		{E93CF039-6BF9-43C9-AADD-1C678248B290}.Debug|x86.ActiveCfg = Debug|Any CPU
		{E93CF039-6BF9-43C9-AADD-1C678248B290}.Release|Any CPU.ActiveCfg = Release|Any CPU
		{E93CF039-6BF9-43C9-AADD-1C678248B290}.Release|Any CPU.Build.0 = Release|Any CPU
		{E93CF039-6BF9-43C9-AADD-1C678248B290}.Release|x86.ActiveCfg = Release|Any CPU
	EndGlobalSection
	GlobalSection(SolutionProperties) = preSolution
		HideSolutionNode = FALSE
	EndGlobalSection
EndGlobal
