
Microsoft Visual Studio Solution File, Format Version 12.00
# Visual Studio Express 2012 for Windows Desktop
Project("{FAE04EC0-301F-11D3-BF4B-00C04F79EFBC}") = "Repositories", "RepositoryPatternSample\Repositories.csproj", "{1F263C13-6D52-4F2C-AFCD-A3ADDF537B15}"
EndProject
Project("{FAE04EC0-301F-11D3-BF4B-00C04F79EFBC}") = "Repositories.Tests", "RepositoryPatternSample.Tests\Repositories.Tests.csproj", "{A839EC81-F58C-4879-9DA1-B4D22267235F}"
EndProject
Project("{FAE04EC0-301F-11D3-BF4B-00C04F79EFBC}") = "Model", "RelationshipsSample\Model.csproj", "{E3428A17-5A65-4CCE-B7F2-E60C5E320721}"
EndProject
Project("{FAE04EC0-301F-11D3-BF4B-00C04F79EFBC}") = "ModelFirst", "ModelFirst\ModelFirst.csproj", "{5619E272-E78B-463F-AA32-1D852385669E}"
EndProject
Project("{FAE04EC0-301F-11D3-BF4B-00C04F79EFBC}") = "Tracking.Tests", "Tracking.Tests\Tracking.Tests.csproj", "{82B8D29C-6D09-44A9-A97B-5678CA46382F}"
EndProject
Project("{FAE04EC0-301F-11D3-BF4B-00C04F79EFBC}") = "Tracing.Tests", "Tracing.Tests\Tracing.Tests.csproj", "{429015A9-879A-42AA-83B4-BE24ACD7F9E2}"
EndProject
Project("{FAE04EC0-301F-11D3-BF4B-00C04F79EFBC}") = "OrphansTests", "OrphansTests\OrphansTests.csproj", "{90C06172-8785-429B-9BCD-5A00A5DD94A3}"
EndProject
Project("{FAE04EC0-301F-11D3-BF4B-00C04F79EFBC}") = "StubEntities.Tests", "StubEntities.Tests\StubEntities.Tests.csproj", "{3DC78899-A523-4C16-B486-78EFE6ACDAE5}"
EndProject
Project("{FAE04EC0-301F-11D3-BF4B-00C04F79EFBC}") = "RelationsUpdate.Tests", "RelationsUpdate.Tests\RelationsUpdate.Tests.csproj", "{E93CF039-6BF9-43C9-AADD-1C678248B290}"
EndProject
Project("{FAE04EC0-301F-11D3-BF4B-00C04F79EFBC}") = "LazyLoading.Tests", "LazyLoading.Tests\LazyLoading.Tests.csproj", "{087CFF7C-F513-4A40-94A4-2BCFFAE93652}"
EndProject
Project("{FAE04EC0-301F-11D3-BF4B-00C04F79EFBC}") = "ChangeTracking.Tests", "ChangeTracking.Tests\ChangeTracking.Tests.csproj", "{3C2423D3-7A61-4507-8B4B-4720F6447CF1}"
EndProject
Project("{FAE04EC0-301F-11D3-BF4B-00C04F79EFBC}") = "Enumeration.Tests", "Enumeration.Tests\Enumeration.Tests.csproj", "{718BF23C-C009-4DB5-B53C-B26E619B10A8}"
EndProject
Project("{FAE04EC0-301F-11D3-BF4B-00C04F79EFBC}") = "ManyToManyWithData.Tests", "ManyToManyWithData.Tests\ManyToManyWithData.Tests.csproj", "{D6BFEBCA-986E-48BE-A965-4864589C3CBF}"
EndProject
Project("{FAE04EC0-301F-11D3-BF4B-00C04F79EFBC}") = "RecursiveAssociation.Tests", "RecursiveAssociation.Tests\RecursiveAssociation.Tests.csproj", "{127DB419-CA02-4723-9025-BC20F418651C}"
EndProject
Project("{FAE04EC0-301F-11D3-BF4B-00C04F79EFBC}") = "Splitting.Tests", "Splitting.Tests\Splitting.Tests.csproj", "{3B300972-8AA1-4B74-A844-58A13DF31E51}"
EndProject
Project("{FAE04EC0-301F-11D3-BF4B-00C04F79EFBC}") = "CompositeKey.Tests", "CompositeKey.Tests\CompositeKey.Tests.csproj", "{1636A66B-1D18-4D3D-A9D6-BC939500580E}"
EndProject
Project("{FAE04EC0-301F-11D3-BF4B-00C04F79EFBC}") = "Inheritance.Tests", "Inheritance.Tests\Inheritance.Tests.csproj", "{5A15B7E6-8ADB-4024-AD10-5E88AF4EDDD5}"
EndProject
Project("{FAE04EC0-301F-11D3-BF4B-00C04F79EFBC}") = "ConditionalMapping.Tests", "ConditionalMapping.Tests\ConditionalMapping.Tests.csproj", "{DB14901F-4E73-450A-AD5C-54829EB25ABE}"
EndProject
Project("{FAE04EC0-301F-11D3-BF4B-00C04F79EFBC}") = "ComplexTypes.Tests", "ComplexTypes.Tests\ComplexTypes.Tests.csproj", "{1EAEC1A1-C710-4AE4-8760-1DCA82BC75DC}"
EndProject
Project("{FAE04EC0-301F-11D3-BF4B-00C04F79EFBC}") = "OneToOne.Tests", "OneToOne.Tests\OneToOne.Tests.csproj", "{A6F45E21-45B9-4E7F-B88C-5130E48DBA30}"
EndProject
Project("{FAE04EC0-301F-11D3-BF4B-00C04F79EFBC}") = "SqlQuery.Tests", "SqlQuery.Tests\SqlQuery.Tests.csproj", "{1CD37BEA-69D1-4DED-8A8A-784160387029}"
EndProject
Project("{FAE04EC0-301F-11D3-BF4B-00C04F79EFBC}") = "Queries.Tests", "Queries.Tests\Queries.Tests.csproj", "{27ED62AC-DF9A-4250-B985-C064E8D8B1FE}"
EndProject
Project("{2150E333-8FDC-42A3-9474-1A3956D46DE8}") = ".nuget", ".nuget", "{C1848F22-7A23-48A2-964D-40293E47A75A}"
	ProjectSection(SolutionItems) = preProject
		.nuget\NuGet.Config = .nuget\NuGet.Config
		.nuget\NuGet.exe = .nuget\NuGet.exe
		.nuget\NuGet.targets = .nuget\NuGet.targets
	EndProjectSection
EndProject
Project("{FAE04EC0-301F-11D3-BF4B-00C04F79EFBC}") = "Audit.Tests", "Audit.Tests\Audit.Tests.csproj", "{23A8CB5F-7F11-4E91-9720-B2C976B5D42F}"
EndProject
Project("{FAE04EC0-301F-11D3-BF4B-00C04F79EFBC}") = "ExplicitInterfaceImplementations.Tests", "ExplicitInterfaceImplementations.Test\ExplicitInterfaceImplementations.Tests.csproj", "{044E495C-213B-4C34-B576-3567088144C8}"
EndProject
Global
	GlobalSection(SolutionConfigurationPlatforms) = preSolution
		Debug|Any CPU = Debug|Any CPU
		Debug|x86 = Debug|x86
		Release|Any CPU = Release|Any CPU
		Release|x86 = Release|x86
	EndGlobalSection
	GlobalSection(ProjectConfigurationPlatforms) = postSolution
		{1F263C13-6D52-4F2C-AFCD-A3ADDF537B15}.Debug|Any CPU.ActiveCfg = Debug|Any CPU
		{1F263C13-6D52-4F2C-AFCD-A3ADDF537B15}.Debug|Any CPU.Build.0 = Debug|Any CPU
		{1F263C13-6D52-4F2C-AFCD-A3ADDF537B15}.Debug|x86.ActiveCfg = Debug|x86
		{1F263C13-6D52-4F2C-AFCD-A3ADDF537B15}.Debug|x86.Build.0 = Debug|x86
		{1F263C13-6D52-4F2C-AFCD-A3ADDF537B15}.Release|Any CPU.ActiveCfg = Release|Any CPU
		{1F263C13-6D52-4F2C-AFCD-A3ADDF537B15}.Release|Any CPU.Build.0 = Release|Any CPU
		{1F263C13-6D52-4F2C-AFCD-A3ADDF537B15}.Release|x86.ActiveCfg = Release|x86
		{1F263C13-6D52-4F2C-AFCD-A3ADDF537B15}.Release|x86.Build.0 = Release|x86
		{A839EC81-F58C-4879-9DA1-B4D22267235F}.Debug|Any CPU.ActiveCfg = Debug|Any CPU
		{A839EC81-F58C-4879-9DA1-B4D22267235F}.Debug|Any CPU.Build.0 = Debug|Any CPU
		{A839EC81-F58C-4879-9DA1-B4D22267235F}.Debug|x86.ActiveCfg = Debug|x86
		{A839EC81-F58C-4879-9DA1-B4D22267235F}.Debug|x86.Build.0 = Debug|x86
		{A839EC81-F58C-4879-9DA1-B4D22267235F}.Release|Any CPU.ActiveCfg = Release|Any CPU
		{A839EC81-F58C-4879-9DA1-B4D22267235F}.Release|Any CPU.Build.0 = Release|Any CPU
		{A839EC81-F58C-4879-9DA1-B4D22267235F}.Release|x86.ActiveCfg = Release|x86
		{A839EC81-F58C-4879-9DA1-B4D22267235F}.Release|x86.Build.0 = Release|x86
		{E3428A17-5A65-4CCE-B7F2-E60C5E320721}.Debug|Any CPU.ActiveCfg = Debug|Any CPU
		{E3428A17-5A65-4CCE-B7F2-E60C5E320721}.Debug|Any CPU.Build.0 = Debug|Any CPU
		{E3428A17-5A65-4CCE-B7F2-E60C5E320721}.Debug|x86.ActiveCfg = Debug|Any CPU
		{E3428A17-5A65-4CCE-B7F2-E60C5E320721}.Release|Any CPU.ActiveCfg = Release|Any CPU
		{E3428A17-5A65-4CCE-B7F2-E60C5E320721}.Release|Any CPU.Build.0 = Release|Any CPU
		{E3428A17-5A65-4CCE-B7F2-E60C5E320721}.Release|x86.ActiveCfg = Release|Any CPU
		{5619E272-E78B-463F-AA32-1D852385669E}.Debug|Any CPU.ActiveCfg = Debug|Any CPU
		{5619E272-E78B-463F-AA32-1D852385669E}.Debug|Any CPU.Build.0 = Debug|Any CPU
		{5619E272-E78B-463F-AA32-1D852385669E}.Debug|x86.ActiveCfg = Debug|Any CPU
		{5619E272-E78B-463F-AA32-1D852385669E}.Release|Any CPU.ActiveCfg = Release|Any CPU
		{5619E272-E78B-463F-AA32-1D852385669E}.Release|Any CPU.Build.0 = Release|Any CPU
		{5619E272-E78B-463F-AA32-1D852385669E}.Release|x86.ActiveCfg = Release|Any CPU
		{82B8D29C-6D09-44A9-A97B-5678CA46382F}.Debug|Any CPU.ActiveCfg = Debug|Any CPU
		{82B8D29C-6D09-44A9-A97B-5678CA46382F}.Debug|Any CPU.Build.0 = Debug|Any CPU
		{82B8D29C-6D09-44A9-A97B-5678CA46382F}.Debug|x86.ActiveCfg = Debug|Any CPU
		{82B8D29C-6D09-44A9-A97B-5678CA46382F}.Release|Any CPU.ActiveCfg = Release|Any CPU
		{82B8D29C-6D09-44A9-A97B-5678CA46382F}.Release|Any CPU.Build.0 = Release|Any CPU
		{82B8D29C-6D09-44A9-A97B-5678CA46382F}.Release|x86.ActiveCfg = Release|Any CPU
		{429015A9-879A-42AA-83B4-BE24ACD7F9E2}.Debug|Any CPU.ActiveCfg = Debug|Any CPU
		{429015A9-879A-42AA-83B4-BE24ACD7F9E2}.Debug|Any CPU.Build.0 = Debug|Any CPU
		{429015A9-879A-42AA-83B4-BE24ACD7F9E2}.Debug|x86.ActiveCfg = Debug|Any CPU
		{429015A9-879A-42AA-83B4-BE24ACD7F9E2}.Release|Any CPU.ActiveCfg = Release|Any CPU
		{429015A9-879A-42AA-83B4-BE24ACD7F9E2}.Release|Any CPU.Build.0 = Release|Any CPU
		{429015A9-879A-42AA-83B4-BE24ACD7F9E2}.Release|x86.ActiveCfg = Release|Any CPU
		{90C06172-8785-429B-9BCD-5A00A5DD94A3}.Debug|Any CPU.ActiveCfg = Debug|Any CPU
		{90C06172-8785-429B-9BCD-5A00A5DD94A3}.Debug|Any CPU.Build.0 = Debug|Any CPU
		{90C06172-8785-429B-9BCD-5A00A5DD94A3}.Debug|x86.ActiveCfg = Debug|Any CPU
		{90C06172-8785-429B-9BCD-5A00A5DD94A3}.Release|Any CPU.ActiveCfg = Release|Any CPU
		{90C06172-8785-429B-9BCD-5A00A5DD94A3}.Release|Any CPU.Build.0 = Release|Any CPU
		{90C06172-8785-429B-9BCD-5A00A5DD94A3}.Release|x86.ActiveCfg = Release|Any CPU
		{3DC78899-A523-4C16-B486-78EFE6ACDAE5}.Debug|Any CPU.ActiveCfg = Debug|Any CPU
		{3DC78899-A523-4C16-B486-78EFE6ACDAE5}.Debug|Any CPU.Build.0 = Debug|Any CPU
		{3DC78899-A523-4C16-B486-78EFE6ACDAE5}.Debug|x86.ActiveCfg = Debug|Any CPU
		{3DC78899-A523-4C16-B486-78EFE6ACDAE5}.Release|Any CPU.ActiveCfg = Release|Any CPU
		{3DC78899-A523-4C16-B486-78EFE6ACDAE5}.Release|Any CPU.Build.0 = Release|Any CPU
		{3DC78899-A523-4C16-B486-78EFE6ACDAE5}.Release|x86.ActiveCfg = Release|Any CPU
		{E93CF039-6BF9-43C9-AADD-1C678248B290}.Debug|Any CPU.ActiveCfg = Debug|Any CPU
		{E93CF039-6BF9-43C9-AADD-1C678248B290}.Debug|Any CPU.Build.0 = Debug|Any CPU
		{E93CF039-6BF9-43C9-AADD-1C678248B290}.Debug|x86.ActiveCfg = Debug|Any CPU
		{E93CF039-6BF9-43C9-AADD-1C678248B290}.Release|Any CPU.ActiveCfg = Release|Any CPU
		{E93CF039-6BF9-43C9-AADD-1C678248B290}.Release|Any CPU.Build.0 = Release|Any CPU
		{E93CF039-6BF9-43C9-AADD-1C678248B290}.Release|x86.ActiveCfg = Release|Any CPU
		{087CFF7C-F513-4A40-94A4-2BCFFAE93652}.Debug|Any CPU.ActiveCfg = Debug|Any CPU
		{087CFF7C-F513-4A40-94A4-2BCFFAE93652}.Debug|Any CPU.Build.0 = Debug|Any CPU
		{087CFF7C-F513-4A40-94A4-2BCFFAE93652}.Debug|x86.ActiveCfg = Debug|Any CPU
		{087CFF7C-F513-4A40-94A4-2BCFFAE93652}.Release|Any CPU.ActiveCfg = Release|Any CPU
		{087CFF7C-F513-4A40-94A4-2BCFFAE93652}.Release|Any CPU.Build.0 = Release|Any CPU
		{087CFF7C-F513-4A40-94A4-2BCFFAE93652}.Release|x86.ActiveCfg = Release|Any CPU
		{3C2423D3-7A61-4507-8B4B-4720F6447CF1}.Debug|Any CPU.ActiveCfg = Debug|Any CPU
		{3C2423D3-7A61-4507-8B4B-4720F6447CF1}.Debug|Any CPU.Build.0 = Debug|Any CPU
		{3C2423D3-7A61-4507-8B4B-4720F6447CF1}.Debug|x86.ActiveCfg = Debug|Any CPU
		{3C2423D3-7A61-4507-8B4B-4720F6447CF1}.Release|Any CPU.ActiveCfg = Release|Any CPU
		{3C2423D3-7A61-4507-8B4B-4720F6447CF1}.Release|Any CPU.Build.0 = Release|Any CPU
		{3C2423D3-7A61-4507-8B4B-4720F6447CF1}.Release|x86.ActiveCfg = Release|Any CPU
		{718BF23C-C009-4DB5-B53C-B26E619B10A8}.Debug|Any CPU.ActiveCfg = Debug|Any CPU
		{718BF23C-C009-4DB5-B53C-B26E619B10A8}.Debug|Any CPU.Build.0 = Debug|Any CPU
		{718BF23C-C009-4DB5-B53C-B26E619B10A8}.Debug|x86.ActiveCfg = Debug|Any CPU
		{718BF23C-C009-4DB5-B53C-B26E619B10A8}.Release|Any CPU.ActiveCfg = Release|Any CPU
		{718BF23C-C009-4DB5-B53C-B26E619B10A8}.Release|Any CPU.Build.0 = Release|Any CPU
		{718BF23C-C009-4DB5-B53C-B26E619B10A8}.Release|x86.ActiveCfg = Release|Any CPU
		{D6BFEBCA-986E-48BE-A965-4864589C3CBF}.Debug|Any CPU.ActiveCfg = Debug|Any CPU
		{D6BFEBCA-986E-48BE-A965-4864589C3CBF}.Debug|Any CPU.Build.0 = Debug|Any CPU
		{D6BFEBCA-986E-48BE-A965-4864589C3CBF}.Debug|x86.ActiveCfg = Debug|Any CPU
		{D6BFEBCA-986E-48BE-A965-4864589C3CBF}.Release|Any CPU.ActiveCfg = Release|Any CPU
		{D6BFEBCA-986E-48BE-A965-4864589C3CBF}.Release|Any CPU.Build.0 = Release|Any CPU
		{D6BFEBCA-986E-48BE-A965-4864589C3CBF}.Release|x86.ActiveCfg = Release|Any CPU
		{127DB419-CA02-4723-9025-BC20F418651C}.Debug|Any CPU.ActiveCfg = Debug|Any CPU
		{127DB419-CA02-4723-9025-BC20F418651C}.Debug|Any CPU.Build.0 = Debug|Any CPU
		{127DB419-CA02-4723-9025-BC20F418651C}.Debug|x86.ActiveCfg = Debug|Any CPU
		{127DB419-CA02-4723-9025-BC20F418651C}.Release|Any CPU.ActiveCfg = Release|Any CPU
		{127DB419-CA02-4723-9025-BC20F418651C}.Release|Any CPU.Build.0 = Release|Any CPU
		{127DB419-CA02-4723-9025-BC20F418651C}.Release|x86.ActiveCfg = Release|Any CPU
		{3B300972-8AA1-4B74-A844-58A13DF31E51}.Debug|Any CPU.ActiveCfg = Debug|Any CPU
		{3B300972-8AA1-4B74-A844-58A13DF31E51}.Debug|Any CPU.Build.0 = Debug|Any CPU
		{3B300972-8AA1-4B74-A844-58A13DF31E51}.Debug|x86.ActiveCfg = Debug|Any CPU
		{3B300972-8AA1-4B74-A844-58A13DF31E51}.Release|Any CPU.ActiveCfg = Release|Any CPU
		{3B300972-8AA1-4B74-A844-58A13DF31E51}.Release|Any CPU.Build.0 = Release|Any CPU
		{3B300972-8AA1-4B74-A844-58A13DF31E51}.Release|x86.ActiveCfg = Release|Any CPU
		{1636A66B-1D18-4D3D-A9D6-BC939500580E}.Debug|Any CPU.ActiveCfg = Debug|Any CPU
		{1636A66B-1D18-4D3D-A9D6-BC939500580E}.Debug|Any CPU.Build.0 = Debug|Any CPU
		{1636A66B-1D18-4D3D-A9D6-BC939500580E}.Debug|x86.ActiveCfg = Debug|Any CPU
		{1636A66B-1D18-4D3D-A9D6-BC939500580E}.Release|Any CPU.ActiveCfg = Release|Any CPU
		{1636A66B-1D18-4D3D-A9D6-BC939500580E}.Release|Any CPU.Build.0 = Release|Any CPU
		{1636A66B-1D18-4D3D-A9D6-BC939500580E}.Release|x86.ActiveCfg = Release|Any CPU
		{5A15B7E6-8ADB-4024-AD10-5E88AF4EDDD5}.Debug|Any CPU.ActiveCfg = Debug|Any CPU
		{5A15B7E6-8ADB-4024-AD10-5E88AF4EDDD5}.Debug|Any CPU.Build.0 = Debug|Any CPU
		{5A15B7E6-8ADB-4024-AD10-5E88AF4EDDD5}.Debug|x86.ActiveCfg = Debug|Any CPU
		{5A15B7E6-8ADB-4024-AD10-5E88AF4EDDD5}.Release|Any CPU.ActiveCfg = Release|Any CPU
		{5A15B7E6-8ADB-4024-AD10-5E88AF4EDDD5}.Release|Any CPU.Build.0 = Release|Any CPU
		{5A15B7E6-8ADB-4024-AD10-5E88AF4EDDD5}.Release|x86.ActiveCfg = Release|Any CPU
		{DB14901F-4E73-450A-AD5C-54829EB25ABE}.Debug|Any CPU.ActiveCfg = Debug|Any CPU
		{DB14901F-4E73-450A-AD5C-54829EB25ABE}.Debug|Any CPU.Build.0 = Debug|Any CPU
		{DB14901F-4E73-450A-AD5C-54829EB25ABE}.Debug|x86.ActiveCfg = Debug|Any CPU
		{DB14901F-4E73-450A-AD5C-54829EB25ABE}.Release|Any CPU.ActiveCfg = Release|Any CPU
		{DB14901F-4E73-450A-AD5C-54829EB25ABE}.Release|Any CPU.Build.0 = Release|Any CPU
		{DB14901F-4E73-450A-AD5C-54829EB25ABE}.Release|x86.ActiveCfg = Release|Any CPU
		{1EAEC1A1-C710-4AE4-8760-1DCA82BC75DC}.Debug|Any CPU.ActiveCfg = Debug|Any CPU
		{1EAEC1A1-C710-4AE4-8760-1DCA82BC75DC}.Debug|Any CPU.Build.0 = Debug|Any CPU
		{1EAEC1A1-C710-4AE4-8760-1DCA82BC75DC}.Debug|x86.ActiveCfg = Debug|Any CPU
		{1EAEC1A1-C710-4AE4-8760-1DCA82BC75DC}.Release|Any CPU.ActiveCfg = Release|Any CPU
		{1EAEC1A1-C710-4AE4-8760-1DCA82BC75DC}.Release|Any CPU.Build.0 = Release|Any CPU
		{1EAEC1A1-C710-4AE4-8760-1DCA82BC75DC}.Release|x86.ActiveCfg = Release|Any CPU
		{A6F45E21-45B9-4E7F-B88C-5130E48DBA30}.Debug|Any CPU.ActiveCfg = Debug|Any CPU
		{A6F45E21-45B9-4E7F-B88C-5130E48DBA30}.Debug|Any CPU.Build.0 = Debug|Any CPU
		{A6F45E21-45B9-4E7F-B88C-5130E48DBA30}.Debug|x86.ActiveCfg = Debug|Any CPU
		{A6F45E21-45B9-4E7F-B88C-5130E48DBA30}.Release|Any CPU.ActiveCfg = Release|Any CPU
		{A6F45E21-45B9-4E7F-B88C-5130E48DBA30}.Release|Any CPU.Build.0 = Release|Any CPU
		{A6F45E21-45B9-4E7F-B88C-5130E48DBA30}.Release|x86.ActiveCfg = Release|Any CPU
		{1CD37BEA-69D1-4DED-8A8A-784160387029}.Debug|Any CPU.ActiveCfg = Debug|Any CPU
		{1CD37BEA-69D1-4DED-8A8A-784160387029}.Debug|Any CPU.Build.0 = Debug|Any CPU
		{1CD37BEA-69D1-4DED-8A8A-784160387029}.Debug|x86.ActiveCfg = Debug|Any CPU
		{1CD37BEA-69D1-4DED-8A8A-784160387029}.Release|Any CPU.ActiveCfg = Release|Any CPU
		{1CD37BEA-69D1-4DED-8A8A-784160387029}.Release|Any CPU.Build.0 = Release|Any CPU
		{1CD37BEA-69D1-4DED-8A8A-784160387029}.Release|x86.ActiveCfg = Release|Any CPU
		{27ED62AC-DF9A-4250-B985-C064E8D8B1FE}.Debug|Any CPU.ActiveCfg = Debug|Any CPU
		{27ED62AC-DF9A-4250-B985-C064E8D8B1FE}.Debug|Any CPU.Build.0 = Debug|Any CPU
		{27ED62AC-DF9A-4250-B985-C064E8D8B1FE}.Debug|x86.ActiveCfg = Debug|Any CPU
		{27ED62AC-DF9A-4250-B985-C064E8D8B1FE}.Release|Any CPU.ActiveCfg = Release|Any CPU
		{27ED62AC-DF9A-4250-B985-C064E8D8B1FE}.Release|Any CPU.Build.0 = Release|Any CPU
		{27ED62AC-DF9A-4250-B985-C064E8D8B1FE}.Release|x86.ActiveCfg = Release|Any CPU
		{23A8CB5F-7F11-4E91-9720-B2C976B5D42F}.Debug|Any CPU.ActiveCfg = Debug|Any CPU
		{23A8CB5F-7F11-4E91-9720-B2C976B5D42F}.Debug|Any CPU.Build.0 = Debug|Any CPU
		{23A8CB5F-7F11-4E91-9720-B2C976B5D42F}.Debug|x86.ActiveCfg = Debug|Any CPU
		{23A8CB5F-7F11-4E91-9720-B2C976B5D42F}.Release|Any CPU.ActiveCfg = Release|Any CPU
		{23A8CB5F-7F11-4E91-9720-B2C976B5D42F}.Release|Any CPU.Build.0 = Release|Any CPU
		{23A8CB5F-7F11-4E91-9720-B2C976B5D42F}.Release|x86.ActiveCfg = Release|Any CPU
		{044E495C-213B-4C34-B576-3567088144C8}.Debug|Any CPU.ActiveCfg = Debug|Any CPU
		{044E495C-213B-4C34-B576-3567088144C8}.Debug|Any CPU.Build.0 = Debug|Any CPU
		{044E495C-213B-4C34-B576-3567088144C8}.Debug|x86.ActiveCfg = Debug|Any CPU
		{044E495C-213B-4C34-B576-3567088144C8}.Release|Any CPU.ActiveCfg = Release|Any CPU
		{044E495C-213B-4C34-B576-3567088144C8}.Release|Any CPU.Build.0 = Release|Any CPU
		{044E495C-213B-4C34-B576-3567088144C8}.Release|x86.ActiveCfg = Release|Any CPU
	EndGlobalSection
	GlobalSection(SolutionProperties) = preSolution
		HideSolutionNode = FALSE
	EndGlobalSection
EndGlobal
